{
  "pins" : [
    {
      "identity" : "sttextview",
      "kind" : "remoteSourceControl",
      "location" : "https://github.com/krzyzanowskim/STTextView",
      "state" : {
        "branch" : "main",
        "revision" : "8b5f3c67c28ee4157f135f761696f69cde528dfb"
      }
    },
    {
      "identity" : "swift-docc-plugin",
      "kind" : "remoteSourceControl",
      "location" : "https://github.com/apple/swift-docc-plugin",
      "state" : {
        "revision" : "3303b164430d9a7055ba484c8ead67a52f7b74f6",
        "version" : "1.0.0"
      }
    },
    {
      "identity" : "swifttreesitter",
      "kind" : "remoteSourceControl",
      "location" : "https://github.com/ChimeHQ/SwiftTreeSitter",
      "state" : {
        "revision" : "824aa62ccfeb9bed62a6abd42ba1f06f9a75e99c",
        "version" : "0.6.1"
      }
    },
    {
      "identity" : "tree-sitter-c",
      "kind" : "remoteSourceControl",
      "location" : "https://github.com/lukepistrol/tree-sitter-c.git",
      "state" : {
        "branch" : "feature/spm",
        "revision" : "beb15168446b6ac4b0c451b64a2bfaa621341b7e"
      }
    },
    {
      "identity" : "tree-sitter-c-sharp",
      "kind" : "remoteSourceControl",
      "location" : "https://github.com/lukepistrol/tree-sitter-c-sharp.git",
      "state" : {
        "branch" : "feature/spm",
        "revision" : "18d9d8241d64e6ec2514f84d81528e44723da56a"
      }
    },
    {
      "identity" : "tree-sitter-cpp",
      "kind" : "remoteSourceControl",
      "location" : "https://github.com/lukepistrol/tree-sitter-cpp.git",
      "state" : {
        "branch" : "feature/spm",
        "revision" : "ff2cb310c6ee2f7d63de99fff6713f83915aa880"
      }
    },
    {
      "identity" : "tree-sitter-css",
      "kind" : "remoteSourceControl",
      "location" : "https://github.com/lukepistrol/tree-sitter-css.git",
      "state" : {
        "branch" : "feature/spm",
        "revision" : "baf1fadcac4f7b7c0f0f273feec4ad68864bc783"
      }
    },
    {
      "identity" : "tree-sitter-go",
      "kind" : "remoteSourceControl",
      "location" : "https://github.com/mattmassicotte/tree-sitter-go.git",
      "state" : {
        "branch" : "feature/swift",
        "revision" : "4890367f2a029e7be25bb7d0653a856fada1c1a8"
      }
    },
    {
      "identity" : "tree-sitter-go-mod",
      "kind" : "remoteSourceControl",
      "location" : "https://github.com/camdencheek/tree-sitter-go-mod.git",
      "state" : {
        "branch" : "main",
        "revision" : "4a65743dbc2bb3094114dd2b43da03c820aa5234"
      }
    },
    {
      "identity" : "tree-sitter-html",
      "kind" : "remoteSourceControl",
      "location" : "https://github.com/mattmassicotte/tree-sitter-html.git",
      "state" : {
        "branch" : "feature/spm",
        "revision" : "68b8bed0c1ebecbaf1919d0a7ae4b27592e6cc45"
      }
    },
    {
      "identity" : "tree-sitter-java",
      "kind" : "remoteSourceControl",
      "location" : "https://github.com/lukepistrol/tree-sitter-java.git",
      "state" : {
        "branch" : "feature/spm",
        "revision" : "4140d566eb446658187cdd0b72de7581cc686408"
      }
    },
    {
      "identity" : "tree-sitter-javascript",
      "kind" : "remoteSourceControl",
      "location" : "https://github.com/lukepistrol/tree-sitter-javascript.git",
      "state" : {
        "branch" : "feature/spm",
        "revision" : "0e6310fa29b0b71daf2c38b08f538571bd79357b"
      }
    },
    {
      "identity" : "tree-sitter-json",
      "kind" : "remoteSourceControl",
      "location" : "https://github.com/mattmassicotte/tree-sitter-json.git",
      "state" : {
        "branch" : "feature/spm",
        "revision" : "07fd294fe05a3d726ab9191e504db5f7648fa3fd"
      }
    },
    {
      "identity" : "tree-sitter-php",
      "kind" : "remoteSourceControl",
      "location" : "https://github.com/lukepistrol/tree-sitter-php.git",
      "state" : {
        "branch" : "feature/spm",
        "revision" : "e068da18701e00b5bebcbebdfad0c6205fad8b9b"
      }
    },
    {
      "identity" : "tree-sitter-python",
      "kind" : "remoteSourceControl",
      "location" : "https://github.com/lukepistrol/tree-sitter-python.git",
      "state" : {
        "branch" : "feature/spm",
        "revision" : "78ab3c3dd69a571156ffd1c7ace7c49fb2e284ef"
      }
    },
    {
      "identity" : "tree-sitter-ruby",
      "kind" : "remoteSourceControl",
      "location" : "https://github.com/mattmassicotte/tree-sitter-ruby.git",
      "state" : {
        "branch" : "feature/swift",
        "revision" : "e0923bfc25cadb2d5fd0a07c3b55e4b2d1501cb8"
      }
    },
    {
      "identity" : "tree-sitter-rust",
      "kind" : "remoteSourceControl",
      "location" : "https://github.com/lukepistrol/tree-sitter-rust.git",
      "state" : {
        "branch" : "feature/spm",
        "revision" : "ae1dc741893fa72afaa1f6f3a5bc59d074a77e96"
      }
    },
    {
      "identity" : "tree-sitter-swift",
      "kind" : "remoteSourceControl",
      "location" : "https://github.com/mattmassicotte/tree-sitter-swift.git",
      "state" : {
        "branch" : "feature/spm",
        "revision" : "0305ffaa9df7266cf8f81d2a23f1b83888363288"
      }
    },
    {
      "identity" : "tree-sitter-yaml",
      "kind" : "remoteSourceControl",
      "location" : "https://github.com/mattmassicotte/tree-sitter-yaml.git",
      "state" : {
        "branch" : "feature/spm",
        "revision" : "bd633dc67bd71934961610ca8bd832bf2153883e"
      }
    }
  ],
  "version" : 2
}
