{
  "pins" : [
    {
      "identity" : "codeeditlanguages",
      "kind" : "remoteSourceControl",
      "location" : "https://github.com/CodeEditApp/CodeEditLanguages.git",
      "state" : {
        "revision" : "af29ab4a15474a0a38ef88ef65c20e58a0812e43",
        "version" : "0.1.17"
      }
    },
    {
      "identity" : "codeedittextview",
      "kind" : "remoteSourceControl",
      "location" : "https://github.com/CodeEditApp/CodeEditTextView.git",
      "state" : {
        "revision" : "6a04ca72975b25b28829e419a43cce5cabb97891",
        "version" : "0.6.8"
      }
    },
    {
      "identity" : "mainoffender",
      "kind" : "remoteSourceControl",
      "location" : "https://github.com/mattmassicotte/MainOffender",
      "state" : {
        "revision" : "343cc3797618c29b48b037b4e2beea0664e75315",
        "version" : "0.1.0"
      }
    },
    {
      "identity" : "rearrange",
      "kind" : "remoteSourceControl",
      "location" : "https://github.com/ChimeHQ/Rearrange",
      "state" : {
        "revision" : "8f97f721d8a08c6e01ab9f7460e53819bef72dfa",
        "version" : "1.5.3"
      }
    },
    {
      "identity" : "sttextview",
      "kind" : "remoteSourceControl",
      "location" : "https://github.com/krzyzanowskim/STTextView.git",
      "state" : {
        "revision" : "1046965bd62dc05cf17beb4b4e901cdae851395e",
        "version" : "0.8.7"
      }
    },
    {
      "identity" : "swiftlintplugin",
      "kind" : "remoteSourceControl",
      "location" : "https://github.com/lukepistrol/SwiftLintPlugin",
      "state" : {
        "revision" : "f69b412a765396d44dc9f4788a5b79919c1ca9e3",
        "version" : "0.2.2"
      }
    },
    {
      "identity" : "swifttreesitter",
      "kind" : "remoteSourceControl",
      "location" : "https://github.com/ChimeHQ/SwiftTreeSitter",
      "state" : {
        "revision" : "df25a52f72ebc5b50ae20d26d1363793408bb28b",
        "version" : "0.7.1"
      }
    },
    {
      "identity" : "textformation",
      "kind" : "remoteSourceControl",
      "location" : "https://github.com/ChimeHQ/TextFormation",
      "state" : {
        "revision" : "b4987856bc860643ac2c9cdbc7d5f3e9ade68377",
        "version" : "0.8.1"
      }
    },
    {
      "identity" : "textstory",
      "kind" : "remoteSourceControl",
      "location" : "https://github.com/ChimeHQ/TextStory",
      "state" : {
        "revision" : "8883fa739aa213e70e6cb109bfbf0a0b551e4cb5",
        "version" : "0.8.0"
      }
    }
  ],
  "version" : 2
}
